{
  "version": "4",
  "remote": {
    "https://esm.sh/@bunny.net/edgescript-sdk@0.10.0": "83008f8f6ffd1e06a73b8c8e90d1986a68f8322239b37d90820b2db36f40167e",
    "https://esm.sh/@bunny.net/edgescript-sdk@0.10.0/denonext/edgescript-sdk.mjs": "cadbbba07da5906be2ca59d95877a4ebc82aa372acdca827c1dbcf4c0474ce03"
  },
  "workspace": {
    "packageJson": {
      "dependencies": [
        "npm:@maptiler/client@^2.2.0",
        "npm:@trpc/client@11.0.0-rc.660",
        "npm:@trpc/server@11.0.0-rc.660",
        "npm:@types/bun@^1.2.5",
        "npm:@types/node@^22.10.1",
        "npm:mysql2@^3.11.5",
        "npm:prettier@^3.5.3",
        "npm:typescript@^5.7.2",
        "npm:wtf_wikipedia@^10.3.2",
        "npm:zod@^3.23.8"
      ]
    }
  }
}
