lockfileVersion: '9.0'

settings:
  autoInstallPeers: true
  excludeLinksFromLockfile: false

importers:

  .:
    dependencies:
      '@trpc/client':
        specifier: 11.0.0-rc.660
        version: 11.0.0-rc.660(@trpc/server@11.0.0-rc.660(typescript@5.7.2))(typescript@5.7.2)
      '@trpc/server':
        specifier: 11.0.0-rc.660
        version: 11.0.0-rc.660(typescript@5.7.2)
      zod:
        specifier: ^3.23.8
        version: 3.23.8

packages:

  '@trpc/client@11.0.0-rc.660':
    resolution: {integrity: sha512-bNpkZEfyMGKHynYFxdLpY8nJ1n7E3JHKcd4Pe2cagmpkzOEF9tFT3kzNf+eLI8XMG8196lTRR0J0W2/1Q8/cug==}
    peerDependencies:
      '@trpc/server': 11.0.0-rc.660+74625d5e4
      typescript: '>=5.6.2'

  '@trpc/server@11.0.0-rc.660':
    resolution: {integrity: sha512-QUapcZCNOpHT7ng9LceGc9ImkboWd0Go9ryrduZpL+p4jdfaC6409AQ3x4XEW6Wu3yBmZAn4CywCsDrDhjDy/w==}
    peerDependencies:
      typescript: '>=5.6.2'

  typescript@5.7.2:
    resolution: {integrity: sha512-i5t66RHxDvVN40HfDd1PsEThGNnlMCMT3jMUuoh9/0TaqWevNontacunWyN02LA9/fIbEWlcHZcgTKb9QoaLfg==}
    engines: {node: '>=14.17'}
    hasBin: true

  zod@3.23.8:
    resolution: {integrity: sha512-XBx9AXhXktjUqnepgTiE5flcKIYWi/rme0Eaj+5Y0lftuGBq+jyRu/md4WnuxqgP1ubdpNCsYEYPxrzVHD8d6g==}

snapshots:

  '@trpc/client@11.0.0-rc.660(@trpc/server@11.0.0-rc.660(typescript@5.7.2))(typescript@5.7.2)':
    dependencies:
      '@trpc/server': 11.0.0-rc.660(typescript@5.7.2)
      typescript: 5.7.2

  '@trpc/server@11.0.0-rc.660(typescript@5.7.2)':
    dependencies:
      typescript: 5.7.2

  typescript@5.7.2: {}

  zod@3.23.8: {}
